
Microsoft Visual Studio Solution File, Format Version 12.00
# Visual Studio Version 16
VisualStudioVersion = 16.0.30011.22
MinimumVisualStudioVersion = 10.0.40219.1
Project("{9A19103F-16F7-4668-BE54-9A1E7A4F7556}") = "Startup_models", "Startup_models\Startup_models.csproj", "{2235EE7D-7C3D-437A-847A-C3E5A816787B}"
EndProject
Project("{9A19103F-16F7-4668-BE54-9A1E7A4F7556}") = "Startup_blazor", "Startup_blazor\Startup_blazor.csproj", "{C871FC1C-00CD-4813-B759-2EE48D788BE0}"
EndProject
Project("{9A19103F-16F7-4668-BE54-9A1E7A4F7556}") = "Startup_API", "Startup_API\Startup_API.csproj", "{E8F4425B-FE1F-4AA0-9BD9-53801F80433F}"
EndProject
Project("{9A19103F-16F7-4668-BE54-9A1E7A4F7556}") = "Startup_Frontend", "Startup_Frontend\Startup_Frontend.csproj", "{C9E6AF6F-FE09-4BF4-A797-E52BD3EC9957}"
EndProject
Project("{9A19103F-16F7-4668-BE54-9A1E7A4F7556}") = "Startup_Test", "Startup_Test\Startup_Test.csproj", "{111AC72F-9617-4CC7-825E-55C5CD9348F9}"
EndProject
Global
	GlobalSection(SolutionConfigurationPlatforms) = preSolution
		Debug|Any CPU = Debug|Any CPU
		Debug|iPhone = Debug|iPhone
		Debug|iPhoneSimulator = Debug|iPhoneSimulator
		Release|Any CPU = Release|Any CPU
		Release|iPhone = Release|iPhone
		Release|iPhoneSimulator = Release|iPhoneSimulator
	EndGlobalSection
	GlobalSection(ProjectConfigurationPlatforms) = postSolution
		{2235EE7D-7C3D-437A-847A-C3E5A816787B}.Debug|Any CPU.ActiveCfg = Debug|Any CPU
		{2235EE7D-7C3D-437A-847A-C3E5A816787B}.Debug|Any CPU.Build.0 = Debug|Any CPU
		{2235EE7D-7C3D-437A-847A-C3E5A816787B}.Debug|iPhone.ActiveCfg = Debug|Any CPU
		{2235EE7D-7C3D-437A-847A-C3E5A816787B}.Debug|iPhone.Build.0 = Debug|Any CPU
		{2235EE7D-7C3D-437A-847A-C3E5A816787B}.Debug|iPhoneSimulator.ActiveCfg = Debug|Any CPU
		{2235EE7D-7C3D-437A-847A-C3E5A816787B}.Debug|iPhoneSimulator.Build.0 = Debug|Any CPU
		{2235EE7D-7C3D-437A-847A-C3E5A816787B}.Release|Any CPU.ActiveCfg = Release|Any CPU
		{2235EE7D-7C3D-437A-847A-C3E5A816787B}.Release|Any CPU.Build.0 = Release|Any CPU
		{2235EE7D-7C3D-437A-847A-C3E5A816787B}.Release|iPhone.ActiveCfg = Release|Any CPU
		{2235EE7D-7C3D-437A-847A-C3E5A816787B}.Release|iPhone.Build.0 = Release|Any CPU
		{2235EE7D-7C3D-437A-847A-C3E5A816787B}.Release|iPhoneSimulator.ActiveCfg = Release|Any CPU
		{2235EE7D-7C3D-437A-847A-C3E5A816787B}.Release|iPhoneSimulator.Build.0 = Release|Any CPU
		{C871FC1C-00CD-4813-B759-2EE48D788BE0}.Debug|Any CPU.ActiveCfg = Debug|Any CPU
		{C871FC1C-00CD-4813-B759-2EE48D788BE0}.Debug|Any CPU.Build.0 = Debug|Any CPU
		{C871FC1C-00CD-4813-B759-2EE48D788BE0}.Debug|iPhone.ActiveCfg = Debug|Any CPU
		{C871FC1C-00CD-4813-B759-2EE48D788BE0}.Debug|iPhone.Build.0 = Debug|Any CPU
		{C871FC1C-00CD-4813-B759-2EE48D788BE0}.Debug|iPhoneSimulator.ActiveCfg = Debug|Any CPU
		{C871FC1C-00CD-4813-B759-2EE48D788BE0}.Debug|iPhoneSimulator.Build.0 = Debug|Any CPU
		{C871FC1C-00CD-4813-B759-2EE48D788BE0}.Release|Any CPU.ActiveCfg = Release|Any CPU
		{C871FC1C-00CD-4813-B759-2EE48D788BE0}.Release|Any CPU.Build.0 = Release|Any CPU
		{C871FC1C-00CD-4813-B759-2EE48D788BE0}.Release|iPhone.ActiveCfg = Release|Any CPU
		{C871FC1C-00CD-4813-B759-2EE48D788BE0}.Release|iPhone.Build.0 = Release|Any CPU
		{C871FC1C-00CD-4813-B759-2EE48D788BE0}.Release|iPhoneSimulator.ActiveCfg = Release|Any CPU
		{C871FC1C-00CD-4813-B759-2EE48D788BE0}.Release|iPhoneSimulator.Build.0 = Release|Any CPU
		{E8F4425B-FE1F-4AA0-9BD9-53801F80433F}.Debug|Any CPU.ActiveCfg = Debug|Any CPU
		{E8F4425B-FE1F-4AA0-9BD9-53801F80433F}.Debug|Any CPU.Build.0 = Debug|Any CPU
		{E8F4425B-FE1F-4AA0-9BD9-53801F80433F}.Debug|iPhone.ActiveCfg = Debug|Any CPU
		{E8F4425B-FE1F-4AA0-9BD9-53801F80433F}.Debug|iPhone.Build.0 = Debug|Any CPU
		{E8F4425B-FE1F-4AA0-9BD9-53801F80433F}.Debug|iPhoneSimulator.ActiveCfg = Debug|Any CPU
		{E8F4425B-FE1F-4AA0-9BD9-53801F80433F}.Debug|iPhoneSimulator.Build.0 = Debug|Any CPU
		{E8F4425B-FE1F-4AA0-9BD9-53801F80433F}.Release|Any CPU.ActiveCfg = Release|Any CPU
		{E8F4425B-FE1F-4AA0-9BD9-53801F80433F}.Release|Any CPU.Build.0 = Release|Any CPU
		{E8F4425B-FE1F-4AA0-9BD9-53801F80433F}.Release|iPhone.ActiveCfg = Release|Any CPU
		{E8F4425B-FE1F-4AA0-9BD9-53801F80433F}.Release|iPhone.Build.0 = Release|Any CPU
		{E8F4425B-FE1F-4AA0-9BD9-53801F80433F}.Release|iPhoneSimulator.ActiveCfg = Release|Any CPU
		{E8F4425B-FE1F-4AA0-9BD9-53801F80433F}.Release|iPhoneSimulator.Build.0 = Release|Any CPU
		{C9E6AF6F-FE09-4BF4-A797-E52BD3EC9957}.Debug|Any CPU.ActiveCfg = Debug|Any CPU
		{C9E6AF6F-FE09-4BF4-A797-E52BD3EC9957}.Debug|Any CPU.Build.0 = Debug|Any CPU
		{C9E6AF6F-FE09-4BF4-A797-E52BD3EC9957}.Debug|iPhone.ActiveCfg = Debug|Any CPU
		{C9E6AF6F-FE09-4BF4-A797-E52BD3EC9957}.Debug|iPhone.Build.0 = Debug|Any CPU
		{C9E6AF6F-FE09-4BF4-A797-E52BD3EC9957}.Debug|iPhoneSimulator.ActiveCfg = Debug|Any CPU
		{C9E6AF6F-FE09-4BF4-A797-E52BD3EC9957}.Debug|iPhoneSimulator.Build.0 = Debug|Any CPU
		{C9E6AF6F-FE09-4BF4-A797-E52BD3EC9957}.Release|Any CPU.ActiveCfg = Release|Any CPU
		{C9E6AF6F-FE09-4BF4-A797-E52BD3EC9957}.Release|Any CPU.Build.0 = Release|Any CPU
		{C9E6AF6F-FE09-4BF4-A797-E52BD3EC9957}.Release|iPhone.ActiveCfg = Release|Any CPU
		{C9E6AF6F-FE09-4BF4-A797-E52BD3EC9957}.Release|iPhone.Build.0 = Release|Any CPU
		{C9E6AF6F-FE09-4BF4-A797-E52BD3EC9957}.Release|iPhoneSimulator.ActiveCfg = Release|Any CPU
		{C9E6AF6F-FE09-4BF4-A797-E52BD3EC9957}.Release|iPhoneSimulator.Build.0 = Release|Any CPU
		{111AC72F-9617-4CC7-825E-55C5CD9348F9}.Debug|Any CPU.ActiveCfg = Debug|Any CPU
		{111AC72F-9617-4CC7-825E-55C5CD9348F9}.Debug|Any CPU.Build.0 = Debug|Any CPU
		{111AC72F-9617-4CC7-825E-55C5CD9348F9}.Debug|iPhone.ActiveCfg = Debug|Any CPU
		{111AC72F-9617-4CC7-825E-55C5CD9348F9}.Debug|iPhone.Build.0 = Debug|Any CPU
		{111AC72F-9617-4CC7-825E-55C5CD9348F9}.Debug|iPhoneSimulator.ActiveCfg = Debug|Any CPU
		{111AC72F-9617-4CC7-825E-55C5CD9348F9}.Debug|iPhoneSimulator.Build.0 = Debug|Any CPU
		{111AC72F-9617-4CC7-825E-55C5CD9348F9}.Release|Any CPU.ActiveCfg = Release|Any CPU
		{111AC72F-9617-4CC7-825E-55C5CD9348F9}.Release|Any CPU.Build.0 = Release|Any CPU
		{111AC72F-9617-4CC7-825E-55C5CD9348F9}.Release|iPhone.ActiveCfg = Release|Any CPU
		{111AC72F-9617-4CC7-825E-55C5CD9348F9}.Release|iPhone.Build.0 = Release|Any CPU
		{111AC72F-9617-4CC7-825E-55C5CD9348F9}.Release|iPhoneSimulator.ActiveCfg = Release|Any CPU
		{111AC72F-9617-4CC7-825E-55C5CD9348F9}.Release|iPhoneSimulator.Build.0 = Release|Any CPU
	EndGlobalSection
	GlobalSection(SolutionProperties) = preSolution
		HideSolutionNode = FALSE
	EndGlobalSection
	GlobalSection(ExtensibilityGlobals) = postSolution
		SolutionGuid = {CDE5E872-C30D-4FF8-B1AB-AAC44D2856DA}
	EndGlobalSection
EndGlobal
